
Microsoft Visual Studio Solution File, Format Version 12.00
# Visual Studio 14
VisualStudioVersion = 14.0.23107.0
MinimumVisualStudioVersion = 10.0.40219.1
Project("{FAE04EC0-301F-11D3-BF4B-00C04F79EFBC}") = "WebLenhDat", "WebApplication3\WebLenhDat.csproj", "{64B46E91-7430-46A4-A3AA-6E9D2A2AA7CE}"
EndProject
Global
	GlobalSection(SolutionConfigurationPlatforms) = preSolution
		Debug|Any CPU = Debug|Any CPU
		Release|Any CPU = Release|Any CPU
	EndGlobalSection
	GlobalSection(ProjectConfigurationPlatforms) = postSolution
		{64B46E91-7430-46A4-A3AA-6E9D2A2AA7CE}.Debug|Any CPU.ActiveCfg = Debug|Any CPU
		{64B46E91-7430-46A4-A3AA-6E9D2A2AA7CE}.Debug|Any CPU.Build.0 = Debug|Any CPU
		{64B46E91-7430-46A4-A3AA-6E9D2A2AA7CE}.Release|Any CPU.ActiveCfg = Release|Any CPU
		{64B46E91-7430-46A4-A3AA-6E9D2A2AA7CE}.Release|Any CPU.Build.0 = Release|Any CPU
	EndGlobalSection
	GlobalSection(SolutionProperties) = preSolution
		HideSolutionNode = FALSE
	EndGlobalSection
EndGlobal
